Microsoft Visual Studio Solution File, Format Version 12.00
# Visual Studio 2012
Project("{FAE04EC0-301F-11D3-BF4B-00C04F79EFBC}") = "Stem Game", "Stem Game.csproj", "{76DA3FFE-88F1-41D0-BA40-7FD91A18DAFA}"
EndProject
Global
	GlobalSection(SolutionConfigurationPlatforms) = preSolution
	Debug|Any CPU = Debug|Any CPU
	ExportDebug|Any CPU = ExportDebug|Any CPU
	ExportRelease|Any CPU = ExportRelease|Any CPU
	EndGlobalSection
	GlobalSection(ProjectConfigurationPlatforms) = postSolution
		{76DA3FFE-88F1-41D0-BA40-7FD91A18DAFA}.Debug|Any CPU.ActiveCfg = Debug|Any CPU
		{76DA3FFE-88F1-41D0-BA40-7FD91A18DAFA}.Debug|Any CPU.Build.0 = Debug|Any CPU
		{76DA3FFE-88F1-41D0-BA40-7FD91A18DAFA}.ExportDebug|Any CPU.ActiveCfg = ExportDebug|Any CPU
		{76DA3FFE-88F1-41D0-BA40-7FD91A18DAFA}.ExportDebug|Any CPU.Build.0 = ExportDebug|Any CPU
		{76DA3FFE-88F1-41D0-BA40-7FD91A18DAFA}.ExportRelease|Any CPU.ActiveCfg = ExportRelease|Any CPU
		{76DA3FFE-88F1-41D0-BA40-7FD91A18DAFA}.ExportRelease|Any CPU.Build.0 = ExportRelease|Any CPU
	EndGlobalSection
EndGlobal
